
Microsoft Visual Studio Solution File, Format Version 12.00
# Visual Studio Version 16
VisualStudioVersion = 16.0.30128.74
MinimumVisualStudioVersion = 10.0.40219.1
Project("{FAE04EC0-301F-11D3-BF4B-00C04F79EFBC}") = "Observer", "Observer.csproj", "{7CB72296-9079-41F0-94F7-C5F4B4132828}"
EndProject
Global
	GlobalSection(SolutionConfigurationPlatforms) = preSolution
		Debug|Any CPU = Debug|Any CPU
		Release|Any CPU = Release|Any CPU
	EndGlobalSection
	GlobalSection(ProjectConfigurationPlatforms) = postSolution
		{7CB72296-9079-41F0-94F7-C5F4B4132828}.Debug|Any CPU.ActiveCfg = Debug|Any CPU
		{7CB72296-9079-41F0-94F7-C5F4B4132828}.Debug|Any CPU.Build.0 = Debug|Any CPU
		{7CB72296-9079-41F0-94F7-C5F4B4132828}.Release|Any CPU.ActiveCfg = Release|Any CPU
		{7CB72296-9079-41F0-94F7-C5F4B4132828}.Release|Any CPU.Build.0 = Release|Any CPU
	EndGlobalSection
	GlobalSection(SolutionProperties) = preSolution
		HideSolutionNode = FALSE
	EndGlobalSection
	GlobalSection(ExtensibilityGlobals) = postSolution
		SolutionGuid = {EF02444A-F601-46D9-BC52-90799A7FA098}
	EndGlobalSection
EndGlobal
